// !$*UTF8*$!
{
	archiveVersion = 1;
	classes = {
	};
	objectVersion = 46;
	objects = {

/* Begin PBXBuildFile section */
		0E27069A19F4157200A2D008 /* AppDelegate.swift in Sources */ = {isa = PBXBuildFile; fileRef = 0E27069919F4157200A2D008 /* AppDelegate.swift */; };
		0E27069F19F4157200A2D008 /* Main.storyboard in Resources */ = {isa = PBXBuildFile; fileRef = 0E27069D19F4157200A2D008 /* Main.storyboard */; };
		0E2706A119F4157200A2D008 /* Images.xcassets in Resources */ = {isa = PBXBuildFile; fileRef = 0E2706A019F4157200A2D008 /* Images.xcassets */; };
		0E2706A419F4157200A2D008 /* LaunchScreen.xib in Resources */ = {isa = PBXBuildFile; fileRef = 0E2706A219F4157200A2D008 /* LaunchScreen.xib */; };
		0E2706B019F4157200A2D008 /* YourWalkerTests.swift in Sources */ = {isa = PBXBuildFile; fileRef = 0E2706AF19F4157200A2D008 /* YourWalkerTests.swift */; };
		0E2706BA19F417D500A2D008 /* CountDisplayViewController.swift in Sources */ = {isa = PBXBuildFile; fileRef = 0E2706B919F417D500A2D008 /* CountDisplayViewController.swift */; };
		0E2706BC19F417FB00A2D008 /* RootViewController.swift in Sources */ = {isa = PBXBuildFile; fileRef = 0E2706BB19F417FB00A2D008 /* RootViewController.swift */; };
		0E2706BE19F4182B00A2D008 /* CountDisplayViewController.storyboard in Resources */ = {isa = PBXBuildFile; fileRef = 0E2706BD19F4182B00A2D008 /* CountDisplayViewController.storyboard */; };
		0E4A942919F41E6700E30357 /* HealthKit.framework in Frameworks */ = {isa = PBXBuildFile; fileRef = 0E4A942819F41E6700E30357 /* HealthKit.framework */; };
		0E4A942B19F4218000E30357 /* HealthStore.swift in Sources */ = {isa = PBXBuildFile; fileRef = 0E4A942A19F4218000E30357 /* HealthStore.swift */; };
		0E5A5E221A2385C7003AC1CF /* HistoryDisplayViewCell.swift in Sources */ = {isa = PBXBuildFile; fileRef = 0E5A5E211A2385C7003AC1CF /* HistoryDisplayViewCell.swift */; };
		0E5A5E241A2388E5003AC1CF /* FormatterManager.swift in Sources */ = {isa = PBXBuildFile; fileRef = 0E5A5E231A2388E5003AC1CF /* FormatterManager.swift */; };
		0E5E65711A37FDE1007A801D /* Crashlytics.framework in Frameworks */ = {isa = PBXBuildFile; fileRef = 0E5E656F1A37FDE1007A801D /* Crashlytics.framework */; };
		0E5E65721A37FDE1007A801D /* Fabric.framework in Frameworks */ = {isa = PBXBuildFile; fileRef = 0E5E65701A37FDE1007A801D /* Fabric.framework */; };
		0E5E65731A37FDFA007A801D /* Crashlytics.framework in Frameworks */ = {isa = PBXBuildFile; fileRef = 0E5E656F1A37FDE1007A801D /* Crashlytics.framework */; };
		0E5E65751A37FDFA007A801D /* Fabric.framework in Frameworks */ = {isa = PBXBuildFile; fileRef = 0E5E65701A37FDE1007A801D /* Fabric.framework */; };
		0E8A84CC1A208A4E004045AB /* SwiftState.framework in Frameworks */ = {isa = PBXBuildFile; fileRef = 0E8A84C81A208A24004045AB /* SwiftState.framework */; };
		0E8A84CD1A208A4E004045AB /* SwiftState.framework in Embed Frameworks */ = {isa = PBXBuildFile; fileRef = 0E8A84C81A208A24004045AB /* SwiftState.framework */; settings = {ATTRIBUTES = (CodeSignOnCopy, RemoveHeadersOnCopy, ); }; };
		0E8A84CF1A208A50004045AB /* SwiftTask.framework in Frameworks */ = {isa = PBXBuildFile; fileRef = 0E8A84C91A208A24004045AB /* SwiftTask.framework */; };
		0E8A84D01A208A50004045AB /* SwiftTask.framework in Embed Frameworks */ = {isa = PBXBuildFile; fileRef = 0E8A84C91A208A24004045AB /* SwiftTask.framework */; settings = {ATTRIBUTES = (CodeSignOnCopy, RemoveHeadersOnCopy, ); }; };
		0EE4AA541A073446006C80B8 /* HistoryDisplayViewController.swift in Sources */ = {isa = PBXBuildFile; fileRef = 0EE4AA531A073446006C80B8 /* HistoryDisplayViewController.swift */; };
		0EE4AA561A073456006C80B8 /* HistoryDisplayViewController.storyboard in Resources */ = {isa = PBXBuildFile; fileRef = 0EE4AA551A073456006C80B8 /* HistoryDisplayViewController.storyboard */; };
		0EE4AA581A073B63006C80B8 /* StepCountHistory.swift in Sources */ = {isa = PBXBuildFile; fileRef = 0EE4AA571A073B63006C80B8 /* StepCountHistory.swift */; };
		C5C770311A3EDA9400C67A8F /* SwiftASL.swift in Sources */ = {isa = PBXBuildFile; fileRef = C5C770301A3EDA9400C67A8F /* SwiftASL.swift */; };
/* End PBXBuildFile section */

/* Begin PBXContainerItemProxy section */
		0E2706AA19F4157200A2D008 /* PBXContainerItemProxy */ = {
			isa = PBXContainerItemProxy;
			containerPortal = 0E27068C19F4157200A2D008 /* Project object */;
			proxyType = 1;
			remoteGlobalIDString = 0E27069319F4157200A2D008;
			remoteInfo = YourWalker;
		};
/* End PBXContainerItemProxy section */

/* Begin PBXCopyFilesBuildPhase section */
		0E8A84CE1A208A4E004045AB /* Embed Frameworks */ = {
			isa = PBXCopyFilesBuildPhase;
			buildActionMask = 2147483647;
			dstPath = "";
			dstSubfolderSpec = 10;
			files = (
				0E8A84CD1A208A4E004045AB /* SwiftState.framework in Embed Frameworks */,
				0E8A84D01A208A50004045AB /* SwiftTask.framework in Embed Frameworks */,
			);
			name = "Embed Frameworks";
			runOnlyForDeploymentPostprocessing = 0;
		};
/* End PBXCopyFilesBuildPhase section */

/* Begin PBXFileReference section */
		0E27069419F4157200A2D008 /* YourWalker.app */ = {isa = PBXFileReference; explicitFileType = wrapper.application; includeInIndex = 0; path = YourWalker.app; sourceTree = BUILT_PRODUCTS_DIR; };
		0E27069819F4157200A2D008 /* Info.plist */ = {isa = PBXFileReference; lastKnownFileType = text.plist.xml; path = Info.plist; sourceTree = "<group>"; };
		0E27069919F4157200A2D008 /* AppDelegate.swift */ = {isa = PBXFileReference; lastKnownFileType = sourcecode.swift; path = AppDelegate.swift; sourceTree = "<group>"; };
		0E27069E19F4157200A2D008 /* Base */ = {isa = PBXFileReference; lastKnownFileType = file.storyboard; name = Base; path = Base.lproj/Main.storyboard; sourceTree = "<group>"; };
		0E2706A019F4157200A2D008 /* Images.xcassets */ = {isa = PBXFileReference; lastKnownFileType = folder.assetcatalog; path = Images.xcassets; sourceTree = "<group>"; };
		0E2706A319F4157200A2D008 /* Base */ = {isa = PBXFileReference; lastKnownFileType = file.xib; name = Base; path = Base.lproj/LaunchScreen.xib; sourceTree = "<group>"; };
		0E2706A919F4157200A2D008 /* YourWalkerTests.xctest */ = {isa = PBXFileReference; explicitFileType = wrapper.cfbundle; includeInIndex = 0; path = YourWalkerTests.xctest; sourceTree = BUILT_PRODUCTS_DIR; };
		0E2706AE19F4157200A2D008 /* Info.plist */ = {isa = PBXFileReference; lastKnownFileType = text.plist.xml; path = Info.plist; sourceTree = "<group>"; };
		0E2706AF19F4157200A2D008 /* YourWalkerTests.swift */ = {isa = PBXFileReference; lastKnownFileType = sourcecode.swift; path = YourWalkerTests.swift; sourceTree = "<group>"; };
		0E2706B919F417D500A2D008 /* CountDisplayViewController.swift */ = {isa = PBXFileReference; fileEncoding = 4; lastKnownFileType = sourcecode.swift; path = CountDisplayViewController.swift; sourceTree = "<group>"; };
		0E2706BB19F417FB00A2D008 /* RootViewController.swift */ = {isa = PBXFileReference; fileEncoding = 4; lastKnownFileType = sourcecode.swift; path = RootViewController.swift; sourceTree = "<group>"; };
		0E2706BD19F4182B00A2D008 /* CountDisplayViewController.storyboard */ = {isa = PBXFileReference; fileEncoding = 4; lastKnownFileType = file.storyboard; path = CountDisplayViewController.storyboard; sourceTree = "<group>"; };
		0E4A942819F41E6700E30357 /* HealthKit.framework */ = {isa = PBXFileReference; lastKnownFileType = wrapper.framework; name = HealthKit.framework; path = System/Library/Frameworks/HealthKit.framework; sourceTree = SDKROOT; };
		0E4A942A19F4218000E30357 /* HealthStore.swift */ = {isa = PBXFileReference; fileEncoding = 4; lastKnownFileType = sourcecode.swift; path = HealthStore.swift; sourceTree = "<group>"; };
		0E5A5E211A2385C7003AC1CF /* HistoryDisplayViewCell.swift */ = {isa = PBXFileReference; fileEncoding = 4; lastKnownFileType = sourcecode.swift; path = HistoryDisplayViewCell.swift; sourceTree = "<group>"; };
		0E5A5E231A2388E5003AC1CF /* FormatterManager.swift */ = {isa = PBXFileReference; fileEncoding = 4; lastKnownFileType = sourcecode.swift; path = FormatterManager.swift; sourceTree = "<group>"; };
		0E5E656F1A37FDE1007A801D /* Crashlytics.framework */ = {isa = PBXFileReference; lastKnownFileType = wrapper.framework; path = Crashlytics.framework; sourceTree = "<group>"; };
		0E5E65701A37FDE1007A801D /* Fabric.framework */ = {isa = PBXFileReference; lastKnownFileType = wrapper.framework; path = Fabric.framework; sourceTree = "<group>"; };
		0E8A84C81A208A24004045AB /* SwiftState.framework */ = {isa = PBXFileReference; lastKnownFileType = wrapper.framework; path = SwiftState.framework; sourceTree = "<group>"; };
		0E8A84C91A208A24004045AB /* SwiftTask.framework */ = {isa = PBXFileReference; lastKnownFileType = wrapper.framework; path = SwiftTask.framework; sourceTree = "<group>"; };
		0E920AC019F894A500AF8D15 /* YourWalker.entitlements */ = {isa = PBXFileReference; lastKnownFileType = text.xml; path = YourWalker.entitlements; sourceTree = "<group>"; };
		0EE4AA531A073446006C80B8 /* HistoryDisplayViewController.swift */ = {isa = PBXFileReference; fileEncoding = 4; lastKnownFileType = sourcecode.swift; path = HistoryDisplayViewController.swift; sourceTree = "<group>"; };
		0EE4AA551A073456006C80B8 /* HistoryDisplayViewController.storyboard */ = {isa = PBXFileReference; fileEncoding = 4; lastKnownFileType = file.storyboard; path = HistoryDisplayViewController.storyboard; sourceTree = "<group>"; };
		0EE4AA571A073B63006C80B8 /* StepCountHistory.swift */ = {isa = PBXFileReference; fileEncoding = 4; lastKnownFileType = sourcecode.swift; path = StepCountHistory.swift; sourceTree = "<group>"; };
		C5C770301A3EDA9400C67A8F /* SwiftASL.swift */ = {isa = PBXFileReference; fileEncoding = 4; lastKnownFileType = sourcecode.swift; path = SwiftASL.swift; sourceTree = "<group>"; };
		C5C770321A3EDCA200C67A8F /* Objc-Bridging-Header.h */ = {isa = PBXFileReference; lastKnownFileType = sourcecode.c.h; path = "Objc-Bridging-Header.h"; sourceTree = "<group>"; };
/* End PBXFileReference section */

/* Begin PBXFrameworksBuildPhase section */
		0E27069119F4157200A2D008 /* Frameworks */ = {
			isa = PBXFrameworksBuildPhase;
			buildActionMask = 2147483647;
			files = (
				0E4A942919F41E6700E30357 /* HealthKit.framework in Frameworks */,
				0E5E65751A37FDFA007A801D /* Fabric.framework in Frameworks */,
				0E8A84CC1A208A4E004045AB /* SwiftState.framework in Frameworks */,
				0E5E65731A37FDFA007A801D /* Crashlytics.framework in Frameworks */,
				0E8A84CF1A208A50004045AB /* SwiftTask.framework in Frameworks */,
			);
			runOnlyForDeploymentPostprocessing = 0;
		};
		0E2706A619F4157200A2D008 /* Frameworks */ = {
			isa = PBXFrameworksBuildPhase;
			buildActionMask = 2147483647;
			files = (
				0E5E65711A37FDE1007A801D /* Crashlytics.framework in Frameworks */,
				0E5E65721A37FDE1007A801D /* Fabric.framework in Frameworks */,
			);
			runOnlyForDeploymentPostprocessing = 0;
		};
/* End PBXFrameworksBuildPhase section */

/* Begin PBXGroup section */
		0E27068B19F4157200A2D008 = {
			isa = PBXGroup;
			children = (
				0E27069619F4157200A2D008 /* YourWalker */,
				0E2706AC19F4157200A2D008 /* YourWalkerTests */,
				C5C7702E1A3EDA6C00C67A8F /* Vendor */,
				0E8A84C71A208A24004045AB /* Carthage.build */,
				0E27069519F4157200A2D008 /* Products */,
				AFF88857C4CA94FAC37758DD /* Frameworks */,
			);
			sourceTree = "<group>";
		};
		0E27069519F4157200A2D008 /* Products */ = {
			isa = PBXGroup;
			children = (
				0E27069419F4157200A2D008 /* YourWalker.app */,
				0E2706A919F4157200A2D008 /* YourWalkerTests.xctest */,
			);
			name = Products;
			sourceTree = "<group>";
		};
		0E27069619F4157200A2D008 /* YourWalker */ = {
			isa = PBXGroup;
			children = (
				0E27069919F4157200A2D008 /* AppDelegate.swift */,
				0E2706BB19F417FB00A2D008 /* RootViewController.swift */,
				0E2706B919F417D500A2D008 /* CountDisplayViewController.swift */,
				0E2706BD19F4182B00A2D008 /* CountDisplayViewController.storyboard */,
				0EE4AA531A073446006C80B8 /* HistoryDisplayViewController.swift */,
				0E5A5E211A2385C7003AC1CF /* HistoryDisplayViewCell.swift */,
				0EE4AA551A073456006C80B8 /* HistoryDisplayViewController.storyboard */,
				0EE4AA571A073B63006C80B8 /* StepCountHistory.swift */,
				0E4A942A19F4218000E30357 /* HealthStore.swift */,
				0E5A5E231A2388E5003AC1CF /* FormatterManager.swift */,
				0E2706A219F4157200A2D008 /* LaunchScreen.xib */,
				0E27069D19F4157200A2D008 /* Main.storyboard */,
				0E2706A019F4157200A2D008 /* Images.xcassets */,
				0E27069719F4157200A2D008 /* Supporting Files */,
			);
			path = YourWalker;
			sourceTree = "<group>";
		};
		0E27069719F4157200A2D008 /* Supporting Files */ = {
			isa = PBXGroup;
			children = (
				0E920AC019F894A500AF8D15 /* YourWalker.entitlements */,
				0E27069819F4157200A2D008 /* Info.plist */,
				C5C770321A3EDCA200C67A8F /* Objc-Bridging-Header.h */,
			);
			name = "Supporting Files";
			sourceTree = "<group>";
		};
		0E2706AC19F4157200A2D008 /* YourWalkerTests */ = {
			isa = PBXGroup;
			children = (
				0E2706AF19F4157200A2D008 /* YourWalkerTests.swift */,
				0E2706AD19F4157200A2D008 /* Supporting Files */,
			);
			path = YourWalkerTests;
			sourceTree = "<group>";
		};
		0E2706AD19F4157200A2D008 /* Supporting Files */ = {
			isa = PBXGroup;
			children = (
				0E2706AE19F4157200A2D008 /* Info.plist */,
			);
			name = "Supporting Files";
			sourceTree = "<group>";
		};
		0E8A84C71A208A24004045AB /* Carthage.build */ = {
			isa = PBXGroup;
			children = (
				0E8A84C81A208A24004045AB /* SwiftState.framework */,
				0E8A84C91A208A24004045AB /* SwiftTask.framework */,
				0E5E656F1A37FDE1007A801D /* Crashlytics.framework */,
				0E5E65701A37FDE1007A801D /* Fabric.framework */,
			);
			path = Carthage.build;
			sourceTree = "<group>";
		};
		AFF88857C4CA94FAC37758DD /* Frameworks */ = {
			isa = PBXGroup;
			children = (
				0E4A942819F41E6700E30357 /* HealthKit.framework */,
			);
			name = Frameworks;
			sourceTree = "<group>";
		};
		C5C7702E1A3EDA6C00C67A8F /* Vendor */ = {
			isa = PBXGroup;
			children = (
				C5C7702F1A3EDA6C00C67A8F /* SwiftASL */,
			);
			path = Vendor;
			sourceTree = "<group>";
		};
		C5C7702F1A3EDA6C00C67A8F /* SwiftASL */ = {
			isa = PBXGroup;
			children = (
				C5C770301A3EDA9400C67A8F /* SwiftASL.swift */,
			);
			path = SwiftASL;
			sourceTree = "<group>";
		};
/* End PBXGroup section */

/* Begin PBXNativeTarget section */
		0E27069319F4157200A2D008 /* YourWalker */ = {
			isa = PBXNativeTarget;
			buildConfigurationList = 0E2706B319F4157200A2D008 /* Build configuration list for PBXNativeTarget "YourWalker" */;
			buildPhases = (
				0E27069019F4157200A2D008 /* Sources */,
				0E27069119F4157200A2D008 /* Frameworks */,
				0E27069219F4157200A2D008 /* Resources */,
				0E8A84CE1A208A4E004045AB /* Embed Frameworks */,
				0E5E65661A37FD3A007A801D /* Install Fabric (Crashlystics) */,
			);
			buildRules = (
			);
			dependencies = (
			);
			name = YourWalker;
			productName = YourWalker;
			productReference = 0E27069419F4157200A2D008 /* YourWalker.app */;
			productType = "com.apple.product-type.application";
		};
		0E2706A819F4157200A2D008 /* YourWalkerTests */ = {
			isa = PBXNativeTarget;
			buildConfigurationList = 0E2706B619F4157200A2D008 /* Build configuration list for PBXNativeTarget "YourWalkerTests" */;
			buildPhases = (
				0E2706A519F4157200A2D008 /* Sources */,
				0E2706A619F4157200A2D008 /* Frameworks */,
				0E2706A719F4157200A2D008 /* Resources */,
			);
			buildRules = (
			);
			dependencies = (
				0E2706AB19F4157200A2D008 /* PBXTargetDependency */,
			);
			name = YourWalkerTests;
			productName = YourWalkerTests;
			productReference = 0E2706A919F4157200A2D008 /* YourWalkerTests.xctest */;
			productType = "com.apple.product-type.bundle.unit-test";
		};
/* End PBXNativeTarget section */

/* Begin PBXProject section */
		0E27068C19F4157200A2D008 /* Project object */ = {
			isa = PBXProject;
			attributes = {
				LastUpgradeCheck = 0610;
				ORGANIZATIONNAME = akisute;
				TargetAttributes = {
					0E27069319F4157200A2D008 = {
						CreatedOnToolsVersion = 6.1;
						DevelopmentTeam = GNMLYV6KTU;
						SystemCapabilities = {
							com.apple.BackgroundModes = {
								enabled = 0;
							};
							com.apple.HealthKit = {
								enabled = 1;
							};
						};
					};
					0E2706A819F4157200A2D008 = {
						CreatedOnToolsVersion = 6.1;
						TestTargetID = 0E27069319F4157200A2D008;
					};
				};
			};
			buildConfigurationList = 0E27068F19F4157200A2D008 /* Build configuration list for PBXProject "YourWalker" */;
			compatibilityVersion = "Xcode 3.2";
			developmentRegion = English;
			hasScannedForEncodings = 0;
			knownRegions = (
				en,
				Base,
			);
			mainGroup = 0E27068B19F4157200A2D008;
			productRefGroup = 0E27069519F4157200A2D008 /* Products */;
			projectDirPath = "";
			projectRoot = "";
			targets = (
				0E27069319F4157200A2D008 /* YourWalker */,
				0E2706A819F4157200A2D008 /* YourWalkerTests */,
			);
		};
/* End PBXProject section */

/* Begin PBXResourcesBuildPhase section */
		0E27069219F4157200A2D008 /* Resources */ = {
			isa = PBXResourcesBuildPhase;
			buildActionMask = 2147483647;
			files = (
				0EE4AA561A073456006C80B8 /* HistoryDisplayViewController.storyboard in Resources */,
				0E27069F19F4157200A2D008 /* Main.storyboard in Resources */,
				0E2706A419F4157200A2D008 /* LaunchScreen.xib in Resources */,
				0E2706BE19F4182B00A2D008 /* CountDisplayViewController.storyboard in Resources */,
				0E2706A119F4157200A2D008 /* Images.xcassets in Resources */,
			);
			runOnlyForDeploymentPostprocessing = 0;
		};
		0E2706A719F4157200A2D008 /* Resources */ = {
			isa = PBXResourcesBuildPhase;
			buildActionMask = 2147483647;
			files = (
			);
			runOnlyForDeploymentPostprocessing = 0;
		};
/* End PBXResourcesBuildPhase section */

/* Begin PBXShellScriptBuildPhase section */
		0E5E65661A37FD3A007A801D /* Install Fabric (Crashlystics) */ = {
			isa = PBXShellScriptBuildPhase;
			buildActionMask = 2147483647;
			files = (
			);
			inputPaths = (
			);
			name = "Install Fabric (Crashlystics)";
			outputPaths = (
			);
			runOnlyForDeploymentPostprocessing = 0;
			shellPath = /bin/sh;
			shellScript = "#./Carthage.build/Fabric.framework/run 5ee454bf81e4bee440881afcf8f4277a7a7cb003 3f2ac1382db84105d3589541c5c49ee5f42e929c929dbba3c7693dee7488be8d";
		};
/* End PBXShellScriptBuildPhase section */

/* Begin PBXSourcesBuildPhase section */
		0E27069019F4157200A2D008 /* Sources */ = {
			isa = PBXSourcesBuildPhase;
			buildActionMask = 2147483647;
			files = (
				0E5A5E241A2388E5003AC1CF /* FormatterManager.swift in Sources */,
				0E2706BA19F417D500A2D008 /* CountDisplayViewController.swift in Sources */,
				0E27069A19F4157200A2D008 /* AppDelegate.swift in Sources */,
				0EE4AA581A073B63006C80B8 /* StepCountHistory.swift in Sources */,
				0E2706BC19F417FB00A2D008 /* RootViewController.swift in Sources */,
				C5C770311A3EDA9400C67A8F /* SwiftASL.swift in Sources */,
				0EE4AA541A073446006C80B8 /* HistoryDisplayViewController.swift in Sources */,
				0E4A942B19F4218000E30357 /* HealthStore.swift in Sources */,
				0E5A5E221A2385C7003AC1CF /* HistoryDisplayViewCell.swift in Sources */,
			);
			runOnlyForDeploymentPostprocessing = 0;
		};
		0E2706A519F4157200A2D008 /* Sources */ = {
			isa = PBXSourcesBuildPhase;
			buildActionMask = 2147483647;
			files = (
				0E2706B019F4157200A2D008 /* YourWalkerTests.swift in Sources */,
			);
			runOnlyForDeploymentPostprocessing = 0;
		};
/* End PBXSourcesBuildPhase section */

/* Begin PBXTargetDependency section */
		0E2706AB19F4157200A2D008 /* PBXTargetDependency */ = {
			isa = PBXTargetDependency;
			target = 0E27069319F4157200A2D008 /* YourWalker */;
			targetProxy = 0E2706AA19F4157200A2D008 /* PBXContainerItemProxy */;
		};
/* End PBXTargetDependency section */

/* Begin PBXVariantGroup section */
		0E27069D19F4157200A2D008 /* Main.storyboard */ = {
			isa = PBXVariantGroup;
			children = (
				0E27069E19F4157200A2D008 /* Base */,
			);
			name = Main.storyboard;
			sourceTree = "<group>";
		};
		0E2706A219F4157200A2D008 /* LaunchScreen.xib */ = {
			isa = PBXVariantGroup;
			children = (
				0E2706A319F4157200A2D008 /* Base */,
			);
			name = LaunchScreen.xib;
			sourceTree = "<group>";
		};
/* End PBXVariantGroup section */

/* Begin XCBuildConfiguration section */
		0E2706B119F4157200A2D008 /* Debug */ = {
			isa = XCBuildConfiguration;
			buildSettings = {
				ALWAYS_SEARCH_USER_PATHS = NO;
				CLANG_CXX_LANGUAGE_STANDARD = "gnu++0x";
				CLANG_CXX_LIBRARY = "libc++";
				CLANG_ENABLE_MODULES = YES;
				CLANG_ENABLE_OBJC_ARC = YES;
				CLANG_WARN_BOOL_CONVERSION = YES;
				CLANG_WARN_CONSTANT_CONVERSION = YES;
				CLANG_WARN_DIRECT_OBJC_ISA_USAGE = YES_ERROR;
				CLANG_WARN_EMPTY_BODY = YES;
				CLANG_WARN_ENUM_CONVERSION = YES;
				CLANG_WARN_INT_CONVERSION = YES;
				CLANG_WARN_OBJC_ROOT_CLASS = YES_ERROR;
				CLANG_WARN_UNREACHABLE_CODE = YES;
				CLANG_WARN__DUPLICATE_METHOD_MATCH = YES;
				"CODE_SIGN_IDENTITY[sdk=iphoneos*]" = "iPhone Developer";
				COPY_PHASE_STRIP = NO;
				ENABLE_STRICT_OBJC_MSGSEND = YES;
				GCC_C_LANGUAGE_STANDARD = gnu99;
				GCC_DYNAMIC_NO_PIC = NO;
				GCC_OPTIMIZATION_LEVEL = 0;
				GCC_PREPROCESSOR_DEFINITIONS = (
					"DEBUG=1",
					"$(inherited)",
				);
				GCC_SYMBOLS_PRIVATE_EXTERN = NO;
				GCC_WARN_64_TO_32_BIT_CONVERSION = YES;
				GCC_WARN_ABOUT_RETURN_TYPE = YES_ERROR;
				GCC_WARN_UNDECLARED_SELECTOR = YES;
				GCC_WARN_UNINITIALIZED_AUTOS = YES_AGGRESSIVE;
				GCC_WARN_UNUSED_FUNCTION = YES;
				GCC_WARN_UNUSED_VARIABLE = YES;
				IPHONEOS_DEPLOYMENT_TARGET = 8.0;
				MTL_ENABLE_DEBUG_INFO = YES;
				ONLY_ACTIVE_ARCH = YES;
				SDKROOT = iphoneos;
				SWIFT_OPTIMIZATION_LEVEL = "-Onone";
			};
			name = Debug;
		};
		0E2706B219F4157200A2D008 /* Release */ = {
			isa = XCBuildConfiguration;
			buildSettings = {
				ALWAYS_SEARCH_USER_PATHS = NO;
				CLANG_CXX_LANGUAGE_STANDARD = "gnu++0x";
				CLANG_CXX_LIBRARY = "libc++";
				CLANG_ENABLE_MODULES = YES;
				CLANG_ENABLE_OBJC_ARC = YES;
				CLANG_WARN_BOOL_CONVERSION = YES;
				CLANG_WARN_CONSTANT_CONVERSION = YES;
				CLANG_WARN_DIRECT_OBJC_ISA_USAGE = YES_ERROR;
				CLANG_WARN_EMPTY_BODY = YES;
				CLANG_WARN_ENUM_CONVERSION = YES;
				CLANG_WARN_INT_CONVERSION = YES;
				CLANG_WARN_OBJC_ROOT_CLASS = YES_ERROR;
				CLANG_WARN_UNREACHABLE_CODE = YES;
				CLANG_WARN__DUPLICATE_METHOD_MATCH = YES;
				"CODE_SIGN_IDENTITY[sdk=iphoneos*]" = "iPhone Developer";
				COPY_PHASE_STRIP = YES;
				ENABLE_NS_ASSERTIONS = NO;
				ENABLE_STRICT_OBJC_MSGSEND = YES;
				GCC_C_LANGUAGE_STANDARD = gnu99;
				GCC_WARN_64_TO_32_BIT_CONVERSION = YES;
				GCC_WARN_ABOUT_RETURN_TYPE = YES_ERROR;
				GCC_WARN_UNDECLARED_SELECTOR = YES;
				GCC_WARN_UNINITIALIZED_AUTOS = YES_AGGRESSIVE;
				GCC_WARN_UNUSED_FUNCTION = YES;
				GCC_WARN_UNUSED_VARIABLE = YES;
				IPHONEOS_DEPLOYMENT_TARGET = 8.0;
				MTL_ENABLE_DEBUG_INFO = NO;
				SDKROOT = iphoneos;
				VALIDATE_PRODUCT = YES;
			};
			name = Release;
		};
		0E2706B419F4157200A2D008 /* Debug */ = {
			isa = XCBuildConfiguration;
			buildSettings = {
				ASSETCATALOG_COMPILER_APPICON_NAME = AppIcon;
				CODE_SIGN_ENTITLEMENTS = YourWalker/YourWalker.entitlements;
				CODE_SIGN_IDENTITY = "iPhone Developer";
				"CODE_SIGN_IDENTITY[sdk=iphoneos*]" = "iPhone Developer";
				FRAMEWORK_SEARCH_PATHS = (
					"$(inherited)",
					"$(PROJECT_DIR)/Carthage.build",
					"$(PROJECT_DIR)",
				);
				INFOPLIST_FILE = YourWalker/Info.plist;
				LD_RUNPATH_SEARCH_PATHS = "$(inherited) @executable_path/Frameworks";
				PRODUCT_NAME = "$(TARGET_NAME)";
				PROVISIONING_PROFILE = "";
				SWIFT_OBJC_BRIDGING_HEADER = "YourWalker/Objc-Bridging-Header.h";
			};
			name = Debug;
		};
		0E2706B519F4157200A2D008 /* Release */ = {
			isa = XCBuildConfiguration;
			buildSettings = {
				ASSETCATALOG_COMPILER_APPICON_NAME = AppIcon;
				CODE_SIGN_ENTITLEMENTS = YourWalker/YourWalker.entitlements;
				CODE_SIGN_IDENTITY = "iPhone Developer";
				"CODE_SIGN_IDENTITY[sdk=iphoneos*]" = "iPhone Developer";
				FRAMEWORK_SEARCH_PATHS = (
					"$(inherited)",
					"$(PROJECT_DIR)/Carthage.build",
					"$(PROJECT_DIR)",
				);
				INFOPLIST_FILE = YourWalker/Info.plist;
				LD_RUNPATH_SEARCH_PATHS = "$(inherited) @executable_path/Frameworks";
				PRODUCT_NAME = "$(TARGET_NAME)";
				PROVISIONING_PROFILE = "";
				SWIFT_OBJC_BRIDGING_HEADER = "YourWalker/Objc-Bridging-Header.h";
			};
			name = Release;
		};
		0E2706B719F4157200A2D008 /* Debug */ = {
			isa = XCBuildConfiguration;
			buildSettings = {
				BUNDLE_LOADER = "$(TEST_HOST)";
				FRAMEWORK_SEARCH_PATHS = (
					"$(SDKROOT)/Developer/Library/Frameworks",
					"$(inherited)",
					"$(PROJECT_DIR)/Carthage.build",
				);
				GCC_PREPROCESSOR_DEFINITIONS = (
					"DEBUG=1",
					"$(inherited)",
				);
				INFOPLIST_FILE = YourWalkerTests/Info.plist;
				LD_RUNPATH_SEARCH_PATHS = "$(inherited) @executable_path/Frameworks @loader_path/Frameworks";
				PRODUCT_NAME = "$(TARGET_NAME)";
				TEST_HOST = "$(BUILT_PRODUCTS_DIR)/YourWalker.app/YourWalker";
			};
			name = Debug;
		};
		0E2706B819F4157200A2D008 /* Release */ = {
			isa = XCBuildConfiguration;
			buildSettings = {
				BUNDLE_LOADER = "$(TEST_HOST)";
				FRAMEWORK_SEARCH_PATHS = (
					"$(SDKROOT)/Developer/Library/Frameworks",
					"$(inherited)",
					"$(PROJECT_DIR)/Carthage.build",
				);
				INFOPLIST_FILE = YourWalkerTests/Info.plist;
				LD_RUNPATH_SEARCH_PATHS = "$(inherited) @executable_path/Frameworks @loader_path/Frameworks";
				PRODUCT_NAME = "$(TARGET_NAME)";
				TEST_HOST = "$(BUILT_PRODUCTS_DIR)/YourWalker.app/YourWalker";
			};
			name = Release;
		};
/* End XCBuildConfiguration section */

/* Begin XCConfigurationList section */
		0E27068F19F4157200A2D008 /* Build configuration list for PBXProject "YourWalker" */ = {
			isa = XCConfigurationList;
			buildConfigurations = (
				0E2706B119F4157200A2D008 /* Debug */,
				0E2706B219F4157200A2D008 /* Release */,
			);
			defaultConfigurationIsVisible = 0;
			defaultConfigurationName = Release;
		};
		0E2706B319F4157200A2D008 /* Build configuration list for PBXNativeTarget "YourWalker" */ = {
			isa = XCConfigurationList;
			buildConfigurations = (
				0E2706B419F4157200A2D008 /* Debug */,
				0E2706B519F4157200A2D008 /* Release */,
			);
			defaultConfigurationIsVisible = 0;
			defaultConfigurationName = Release;
		};
		0E2706B619F4157200A2D008 /* Build configuration list for PBXNativeTarget "YourWalkerTests" */ = {
			isa = XCConfigurationList;
			buildConfigurations = (
				0E2706B719F4157200A2D008 /* Debug */,
				0E2706B819F4157200A2D008 /* Release */,
			);
			defaultConfigurationIsVisible = 0;
			defaultConfigurationName = Release;
		};
/* End XCConfigurationList section */
	};
	rootObject = 0E27068C19F4157200A2D008 /* Project object */;
}
